// !$*UTF8*$!
{
	archiveVersion = 1;
	classes = {
	};
	objectVersion = 56;
	objects = {

/* Begin PBXBuildFile section */
		162FB6062D93804F00DE66CB /* Configuration.swift in Sources */ = {isa = PBXBuildFile; fileRef = 162FB6052D93804E00DE66CB /* Configuration.swift */; };
		162FB6082D93806F00DE66CB /* LoadingView.swift in Sources */ = {isa = PBXBuildFile; fileRef = 162FB6072D93806F00DE66CB /* LoadingView.swift */; };
		162FB60A2D93809600DE66CB /* ErrorPresenter.swift in Sources */ = {isa = PBXBuildFile; fileRef = 162FB6092D93809600DE66CB /* ErrorPresenter.swift */; };
		162FB60C2D9380DC00DE66CB /* MovieDetail.swift in Sources */ = {isa = PBXBuildFile; fileRef = 162FB60B2D9380DC00DE66CB /* MovieDetail.swift */; };
		162FB60E2D9380F600DE66CB /* TVShowDetail.swift in Sources */ = {isa = PBXBuildFile; fileRef = 162FB60D2D9380F600DE66CB /* TVShowDetail.swift */; };
		162FB6102D9381B300DE66CB /* UIHelpers.swift in Sources */ = {isa = PBXBuildFile; fileRef = 162FB60F2D9381B300DE66CB /* UIHelpers.swift */; };
		162FB6122D9383B800DE66CB /* ContentService.swift in Sources */ = {isa = PBXBuildFile; fileRef = 162FB6112D9383B800DE66CB /* ContentService.swift */; };
		16592D212BD5115E006824D5 /* TitlePreviewViewController.swift in Sources */ = {isa = PBXBuildFile; fileRef = 16592D202BD5115E006824D5 /* TitlePreviewViewController.swift */; };
		16592D232BD5319B006824D5 /* TitlePreviewViewModel.swift in Sources */ = {isa = PBXBuildFile; fileRef = 16592D222BD5319B006824D5 /* TitlePreviewViewModel.swift */; };
		16592D262BD5578B006824D5 /* NetflixCloneModel.xcdatamodeld in Sources */ = {isa = PBXBuildFile; fileRef = 16592D242BD5578B006824D5 /* NetflixCloneModel.xcdatamodeld */; };
		16592D282BD8EB7E006824D5 /* DataPersistenceManager.swift in Sources */ = {isa = PBXBuildFile; fileRef = 16592D272BD8EB7E006824D5 /* DataPersistenceManager.swift */; };
		169012D12B9F568200BCF25A /* YoutubeSearchResponse.swift in Sources */ = {isa = PBXBuildFile; fileRef = 169012D02B9F568200BCF25A /* YoutubeSearchResponse.swift */; };
		16A831592B8E3A2C00CF9FB1 /* AppDelegate.swift in Sources */ = {isa = PBXBuildFile; fileRef = 16A831582B8E3A2C00CF9FB1 /* AppDelegate.swift */; };
		16A8315B2B8E3A2C00CF9FB1 /* SceneDelegate.swift in Sources */ = {isa = PBXBuildFile; fileRef = 16A8315A2B8E3A2C00CF9FB1 /* SceneDelegate.swift */; };
		16A8315D2B8E3A2C00CF9FB1 /* MainTabBarViewController.swift in Sources */ = {isa = PBXBuildFile; fileRef = 16A8315C2B8E3A2C00CF9FB1 /* MainTabBarViewController.swift */; };
		16A831622B8E3A3200CF9FB1 /* Assets.xcassets in Resources */ = {isa = PBXBuildFile; fileRef = 16A831612B8E3A3200CF9FB1 /* Assets.xcassets */; };
		16A831652B8E3A3200CF9FB1 /* LaunchScreen.storyboard in Resources */ = {isa = PBXBuildFile; fileRef = 16A831632B8E3A3200CF9FB1 /* LaunchScreen.storyboard */; };
		16A8316E2B8E3F6000CF9FB1 /* HomeViewController.swift in Sources */ = {isa = PBXBuildFile; fileRef = 16A8316D2B8E3F6000CF9FB1 /* HomeViewController.swift */; };
		16A831702B8E3FAD00CF9FB1 /* UpComingViewController.swift in Sources */ = {isa = PBXBuildFile; fileRef = 16A8316F2B8E3FAD00CF9FB1 /* UpComingViewController.swift */; };
		16A831722B8E3FE500CF9FB1 /* SearchViewController.swift in Sources */ = {isa = PBXBuildFile; fileRef = 16A831712B8E3FE500CF9FB1 /* SearchViewController.swift */; };
		16A831742B8E401D00CF9FB1 /* DownloadsViewController.swift in Sources */ = {isa = PBXBuildFile; fileRef = 16A831732B8E401D00CF9FB1 /* DownloadsViewController.swift */; };
		16A8317B2B8E4F2600CF9FB1 /* CollectionTableViewCell.swift in Sources */ = {isa = PBXBuildFile; fileRef = 16A8317A2B8E4F2600CF9FB1 /* CollectionTableViewCell.swift */; };
		16A8317D2B912E2D00CF9FB1 /* HeroHeaderUIView.swift in Sources */ = {isa = PBXBuildFile; fileRef = 16A8317C2B912E2C00CF9FB1 /* HeroHeaderUIView.swift */; };
		16A8317F2B95FDBF00CF9FB1 /* APICaller.swift in Sources */ = {isa = PBXBuildFile; fileRef = 16A8317E2B95FDBF00CF9FB1 /* APICaller.swift */; };
		16A831832B962AC300CF9FB1 /* Extensions.swift in Sources */ = {isa = PBXBuildFile; fileRef = 16A831822B962AC300CF9FB1 /* Extensions.swift */; };
		16A831872B96406900CF9FB1 /* TitleCollectionViewCell.swift in Sources */ = {isa = PBXBuildFile; fileRef = 16A831862B96406900CF9FB1 /* TitleCollectionViewCell.swift */; };
		16A8318A2B96442800CF9FB1 /* SDWebImage in Frameworks */ = {isa = PBXBuildFile; productRef = 16A831892B96442800CF9FB1 /* SDWebImage */; };
		16A8318C2B96442800CF9FB1 /* SDWebImageMapKit in Frameworks */ = {isa = PBXBuildFile; productRef = 16A8318B2B96442800CF9FB1 /* SDWebImageMapKit */; };
		16A8318E2B96471F00CF9FB1 /* Title.swift in Sources */ = {isa = PBXBuildFile; fileRef = 16A8318D2B96471F00CF9FB1 /* Title.swift */; };
		16FC9F222B9776340037E654 /* TitleTableViewCell.swift in Sources */ = {isa = PBXBuildFile; fileRef = 16FC9F212B9776340037E654 /* TitleTableViewCell.swift */; };
		16FC9F242B98DADA0037E654 /* TitleViewModel.swift in Sources */ = {isa = PBXBuildFile; fileRef = 16FC9F232B98DADA0037E654 /* TitleViewModel.swift */; };
		16FC9F262B99050F0037E654 /* SearchResultsViewController.swift in Sources */ = {isa = PBXBuildFile; fileRef = 16FC9F252B99050F0037E654 /* SearchResultsViewController.swift */; };
/* End PBXBuildFile section */

/* Begin PBXFileReference section */
		162FB6052D93804E00DE66CB /* Configuration.swift */ = {isa = PBXFileReference; lastKnownFileType = sourcecode.swift; path = Configuration.swift; sourceTree = "<group>"; };
		162FB6072D93806F00DE66CB /* LoadingView.swift */ = {isa = PBXFileReference; lastKnownFileType = sourcecode.swift; path = LoadingView.swift; sourceTree = "<group>"; };
		162FB6092D93809600DE66CB /* ErrorPresenter.swift */ = {isa = PBXFileReference; lastKnownFileType = sourcecode.swift; path = ErrorPresenter.swift; sourceTree = "<group>"; };
		162FB60B2D9380DC00DE66CB /* MovieDetail.swift */ = {isa = PBXFileReference; lastKnownFileType = sourcecode.swift; path = MovieDetail.swift; sourceTree = "<group>"; };
		162FB60D2D9380F600DE66CB /* TVShowDetail.swift */ = {isa = PBXFileReference; lastKnownFileType = sourcecode.swift; path = TVShowDetail.swift; sourceTree = "<group>"; };
		162FB60F2D9381B300DE66CB /* UIHelpers.swift */ = {isa = PBXFileReference; lastKnownFileType = sourcecode.swift; path = UIHelpers.swift; sourceTree = "<group>"; };
		162FB6112D9383B800DE66CB /* ContentService.swift */ = {isa = PBXFileReference; lastKnownFileType = sourcecode.swift; path = ContentService.swift; sourceTree = "<group>"; };
		16592D202BD5115E006824D5 /* TitlePreviewViewController.swift */ = {isa = PBXFileReference; lastKnownFileType = sourcecode.swift; path = TitlePreviewViewController.swift; sourceTree = "<group>"; };
		16592D222BD5319B006824D5 /* TitlePreviewViewModel.swift */ = {isa = PBXFileReference; lastKnownFileType = sourcecode.swift; path = TitlePreviewViewModel.swift; sourceTree = "<group>"; };
		16592D252BD5578B006824D5 /* NetflixCloneModel.xcdatamodel */ = {isa = PBXFileReference; lastKnownFileType = wrapper.xcdatamodel; path = NetflixCloneModel.xcdatamodel; sourceTree = "<group>"; };
		16592D272BD8EB7E006824D5 /* DataPersistenceManager.swift */ = {isa = PBXFileReference; lastKnownFileType = sourcecode.swift; path = DataPersistenceManager.swift; sourceTree = "<group>"; };
		169012D02B9F568200BCF25A /* YoutubeSearchResponse.swift */ = {isa = PBXFileReference; lastKnownFileType = sourcecode.swift; path = YoutubeSearchResponse.swift; sourceTree = "<group>"; };
		16A831552B8E3A2C00CF9FB1 /* Netflix_Clone.app */ = {isa = PBXFileReference; explicitFileType = wrapper.application; includeInIndex = 0; path = Netflix_Clone.app; sourceTree = BUILT_PRODUCTS_DIR; };
		16A831582B8E3A2C00CF9FB1 /* AppDelegate.swift */ = {isa = PBXFileReference; lastKnownFileType = sourcecode.swift; path = AppDelegate.swift; sourceTree = "<group>"; };
		16A8315A2B8E3A2C00CF9FB1 /* SceneDelegate.swift */ = {isa = PBXFileReference; lastKnownFileType = sourcecode.swift; path = SceneDelegate.swift; sourceTree = "<group>"; };
		16A8315C2B8E3A2C00CF9FB1 /* MainTabBarViewController.swift */ = {isa = PBXFileReference; lastKnownFileType = sourcecode.swift; path = MainTabBarViewController.swift; sourceTree = "<group>"; };
		16A831612B8E3A3200CF9FB1 /* Assets.xcassets */ = {isa = PBXFileReference; lastKnownFileType = folder.assetcatalog; path = Assets.xcassets; sourceTree = "<group>"; };
		16A831642B8E3A3200CF9FB1 /* Base */ = {isa = PBXFileReference; lastKnownFileType = file.storyboard; name = Base; path = Base.lproj/LaunchScreen.storyboard; sourceTree = "<group>"; };
		16A831662B8E3A3200CF9FB1 /* Info.plist */ = {isa = PBXFileReference; lastKnownFileType = text.plist.xml; path = Info.plist; sourceTree = "<group>"; };
		16A8316D2B8E3F6000CF9FB1 /* HomeViewController.swift */ = {isa = PBXFileReference; lastKnownFileType = sourcecode.swift; path = HomeViewController.swift; sourceTree = "<group>"; };
		16A8316F2B8E3FAD00CF9FB1 /* UpComingViewController.swift */ = {isa = PBXFileReference; lastKnownFileType = sourcecode.swift; path = UpComingViewController.swift; sourceTree = "<group>"; };
		16A831712B8E3FE500CF9FB1 /* SearchViewController.swift */ = {isa = PBXFileReference; lastKnownFileType = sourcecode.swift; path = SearchViewController.swift; sourceTree = "<group>"; };
		16A831732B8E401D00CF9FB1 /* DownloadsViewController.swift */ = {isa = PBXFileReference; lastKnownFileType = sourcecode.swift; path = DownloadsViewController.swift; sourceTree = "<group>"; };
		16A8317A2B8E4F2600CF9FB1 /* CollectionTableViewCell.swift */ = {isa = PBXFileReference; lastKnownFileType = sourcecode.swift; path = CollectionTableViewCell.swift; sourceTree = "<group>"; };
		16A8317C2B912E2C00CF9FB1 /* HeroHeaderUIView.swift */ = {isa = PBXFileReference; lastKnownFileType = sourcecode.swift; path = HeroHeaderUIView.swift; sourceTree = "<group>"; };
		16A8317E2B95FDBF00CF9FB1 /* APICaller.swift */ = {isa = PBXFileReference; lastKnownFileType = sourcecode.swift; path = APICaller.swift; sourceTree = "<group>"; };
		16A831822B962AC300CF9FB1 /* Extensions.swift */ = {isa = PBXFileReference; lastKnownFileType = sourcecode.swift; path = Extensions.swift; sourceTree = "<group>"; };
		16A831862B96406900CF9FB1 /* TitleCollectionViewCell.swift */ = {isa = PBXFileReference; lastKnownFileType = sourcecode.swift; path = TitleCollectionViewCell.swift; sourceTree = "<group>"; };
		16A8318D2B96471F00CF9FB1 /* Title.swift */ = {isa = PBXFileReference; lastKnownFileType = sourcecode.swift; path = Title.swift; sourceTree = "<group>"; };
		16FC9F212B9776340037E654 /* TitleTableViewCell.swift */ = {isa = PBXFileReference; lastKnownFileType = sourcecode.swift; path = TitleTableViewCell.swift; sourceTree = "<group>"; };
		16FC9F232B98DADA0037E654 /* TitleViewModel.swift */ = {isa = PBXFileReference; lastKnownFileType = sourcecode.swift; path = TitleViewModel.swift; sourceTree = "<group>"; };
		16FC9F252B99050F0037E654 /* SearchResultsViewController.swift */ = {isa = PBXFileReference; lastKnownFileType = sourcecode.swift; path = SearchResultsViewController.swift; sourceTree = "<group>"; };
/* End PBXFileReference section */

/* Begin PBXFrameworksBuildPhase section */
		16A831522B8E3A2C00CF9FB1 /* Frameworks */ = {
			isa = PBXFrameworksBuildPhase;
			buildActionMask = 2147483647;
			files = (
				16A8318C2B96442800CF9FB1 /* SDWebImageMapKit in Frameworks */,
				16A8318A2B96442800CF9FB1 /* SDWebImage in Frameworks */,
			);
			runOnlyForDeploymentPostprocessing = 0;
		};
/* End PBXFrameworksBuildPhase section */

/* Begin PBXGroup section */
		16A8314C2B8E3A2C00CF9FB1 = {
			isa = PBXGroup;
			children = (
				16A831572B8E3A2C00CF9FB1 /* Netflix_Clone */,
				16A831562B8E3A2C00CF9FB1 /* Products */,
			);
			sourceTree = "<group>";
		};
		16A831562B8E3A2C00CF9FB1 /* Products */ = {
			isa = PBXGroup;
			children = (
				16A831552B8E3A2C00CF9FB1 /* Netflix_Clone.app */,
			);
			name = Products;
			sourceTree = "<group>";
		};
		16A831572B8E3A2C00CF9FB1 /* Netflix_Clone */ = {
			isa = PBXGroup;
			children = (
				16A831792B8E4AF200CF9FB1 /* Managers */,
				16A831782B8E4AE100CF9FB1 /* Resources */,
				16A831772B8E4A6500CF9FB1 /* Models */,
				16A831762B8E4A4000CF9FB1 /* ViewModels */,
				16A831752B8E4A2300CF9FB1 /* Views */,
				16A8316C2B8E3F3300CF9FB1 /* Controllers */,
				16A831582B8E3A2C00CF9FB1 /* AppDelegate.swift */,
				16A8315A2B8E3A2C00CF9FB1 /* SceneDelegate.swift */,
				16A8315C2B8E3A2C00CF9FB1 /* MainTabBarViewController.swift */,
				16A831612B8E3A3200CF9FB1 /* Assets.xcassets */,
				16A831632B8E3A3200CF9FB1 /* LaunchScreen.storyboard */,
				16A831662B8E3A3200CF9FB1 /* Info.plist */,
				16592D242BD5578B006824D5 /* NetflixCloneModel.xcdatamodeld */,
			);
			path = Netflix_Clone;
			sourceTree = "<group>";
		};
		16A8316C2B8E3F3300CF9FB1 /* Controllers */ = {
			isa = PBXGroup;
			children = (
				16FC9F272B9905450037E654 /* Core */,
				16FC9F282B9905520037E654 /* General */,
			);
			path = Controllers;
			sourceTree = "<group>";
		};
		16A831752B8E4A2300CF9FB1 /* Views */ = {
			isa = PBXGroup;
			children = (
				16A8317A2B8E4F2600CF9FB1 /* CollectionTableViewCell.swift */,
				16A8317C2B912E2C00CF9FB1 /* HeroHeaderUIView.swift */,
				16A831862B96406900CF9FB1 /* TitleCollectionViewCell.swift */,
				16FC9F212B9776340037E654 /* TitleTableViewCell.swift */,
				162FB6072D93806F00DE66CB /* LoadingView.swift */,
			);
			path = Views;
			sourceTree = "<group>";
		};
		16A831762B8E4A4000CF9FB1 /* ViewModels */ = {
			isa = PBXGroup;
			children = (
				16FC9F232B98DADA0037E654 /* TitleViewModel.swift */,
				16592D222BD5319B006824D5 /* TitlePreviewViewModel.swift */,
			);
			path = ViewModels;
			sourceTree = "<group>";
		};
		16A831772B8E4A6500CF9FB1 /* Models */ = {
			isa = PBXGroup;
			children = (
				16A8318D2B96471F00CF9FB1 /* Title.swift */,
				169012D02B9F568200BCF25A /* YoutubeSearchResponse.swift */,
				162FB60B2D9380DC00DE66CB /* MovieDetail.swift */,
				162FB60D2D9380F600DE66CB /* TVShowDetail.swift */,
			);
			path = Models;
			sourceTree = "<group>";
		};
		16A831782B8E4AE100CF9FB1 /* Resources */ = {
			isa = PBXGroup;
			children = (
				16A831822B962AC300CF9FB1 /* Extensions.swift */,
				162FB60F2D9381B300DE66CB /* UIHelpers.swift */,
			);
			path = Resources;
			sourceTree = "<group>";
		};
		16A831792B8E4AF200CF9FB1 /* Managers */ = {
			isa = PBXGroup;
			children = (
				16A8317E2B95FDBF00CF9FB1 /* APICaller.swift */,
				16592D272BD8EB7E006824D5 /* DataPersistenceManager.swift */,
				162FB6052D93804E00DE66CB /* Configuration.swift */,
				162FB6092D93809600DE66CB /* ErrorPresenter.swift */,
				162FB6112D9383B800DE66CB /* ContentService.swift */,
			);
			path = Managers;
			sourceTree = "<group>";
		};
		16FC9F272B9905450037E654 /* Core */ = {
			isa = PBXGroup;
			children = (
				16A8316D2B8E3F6000CF9FB1 /* HomeViewController.swift */,
				16A8316F2B8E3FAD00CF9FB1 /* UpComingViewController.swift */,
				16A831712B8E3FE500CF9FB1 /* SearchViewController.swift */,
				16A831732B8E401D00CF9FB1 /* DownloadsViewController.swift */,
			);
			path = Core;
			sourceTree = "<group>";
		};
		16FC9F282B9905520037E654 /* General */ = {
			isa = PBXGroup;
			children = (
				16FC9F252B99050F0037E654 /* SearchResultsViewController.swift */,
				16592D202BD5115E006824D5 /* TitlePreviewViewController.swift */,
			);
			path = General;
			sourceTree = "<group>";
		};
/* End PBXGroup section */

/* Begin PBXNativeTarget section */
		16A831542B8E3A2C00CF9FB1 /* Netflix_Clone */ = {
			isa = PBXNativeTarget;
			buildConfigurationList = 16A831692B8E3A3200CF9FB1 /* Build configuration list for PBXNativeTarget "Netflix_Clone" */;
			buildPhases = (
				16A831512B8E3A2C00CF9FB1 /* Sources */,
				16A831522B8E3A2C00CF9FB1 /* Frameworks */,
				16A831532B8E3A2C00CF9FB1 /* Resources */,
			);
			buildRules = (
			);
			dependencies = (
			);
			name = Netflix_Clone;
			packageProductDependencies = (
				16A831892B96442800CF9FB1 /* SDWebImage */,
				16A8318B2B96442800CF9FB1 /* SDWebImageMapKit */,
			);
			productName = Netflix_Clone;
			productReference = 16A831552B8E3A2C00CF9FB1 /* Netflix_Clone.app */;
			productType = "com.apple.product-type.application";
		};
/* End PBXNativeTarget section */

/* Begin PBXProject section */
		16A8314D2B8E3A2C00CF9FB1 /* Project object */ = {
			isa = PBXProject;
			attributes = {
				BuildIndependentTargetsInParallel = 1;
				LastSwiftUpdateCheck = 1510;
				LastUpgradeCheck = 1510;
				TargetAttributes = {
					16A831542B8E3A2C00CF9FB1 = {
						CreatedOnToolsVersion = 15.1;
					};
				};
			};
			buildConfigurationList = 16A831502B8E3A2C00CF9FB1 /* Build configuration list for PBXProject "Netflix_Clone" */;
			compatibilityVersion = "Xcode 14.0";
			developmentRegion = en;
			hasScannedForEncodings = 0;
			knownRegions = (
				en,
				Base,
			);
			mainGroup = 16A8314C2B8E3A2C00CF9FB1;
			packageReferences = (
				16A831882B96442800CF9FB1 /* XCRemoteSwiftPackageReference "SDWebImage" */,
			);
			productRefGroup = 16A831562B8E3A2C00CF9FB1 /* Products */;
			projectDirPath = "";
			projectRoot = "";
			targets = (
				16A831542B8E3A2C00CF9FB1 /* Netflix_Clone */,
			);
		};
/* End PBXProject section */

/* Begin PBXResourcesBuildPhase section */
		16A831532B8E3A2C00CF9FB1 /* Resources */ = {
			isa = PBXResourcesBuildPhase;
			buildActionMask = 2147483647;
			files = (
				16A831652B8E3A3200CF9FB1 /* LaunchScreen.storyboard in Resources */,
				16A831622B8E3A3200CF9FB1 /* Assets.xcassets in Resources */,
			);
			runOnlyForDeploymentPostprocessing = 0;
		};
/* End PBXResourcesBuildPhase section */

/* Begin PBXSourcesBuildPhase section */
		16A831512B8E3A2C00CF9FB1 /* Sources */ = {
			isa = PBXSourcesBuildPhase;
			buildActionMask = 2147483647;
			files = (
				16FC9F222B9776340037E654 /* TitleTableViewCell.swift in Sources */,
				16A831722B8E3FE500CF9FB1 /* SearchViewController.swift in Sources */,
				16A8315D2B8E3A2C00CF9FB1 /* MainTabBarViewController.swift in Sources */,
				162FB6102D9381B300DE66CB /* UIHelpers.swift in Sources */,
				16592D282BD8EB7E006824D5 /* DataPersistenceManager.swift in Sources */,
				16A831742B8E401D00CF9FB1 /* DownloadsViewController.swift in Sources */,
				16A8317F2B95FDBF00CF9FB1 /* APICaller.swift in Sources */,
				16A8317D2B912E2D00CF9FB1 /* HeroHeaderUIView.swift in Sources */,
				16592D262BD5578B006824D5 /* NetflixCloneModel.xcdatamodeld in Sources */,
				16A831592B8E3A2C00CF9FB1 /* AppDelegate.swift in Sources */,
				16A831872B96406900CF9FB1 /* TitleCollectionViewCell.swift in Sources */,
				162FB6062D93804F00DE66CB /* Configuration.swift in Sources */,
				16A831702B8E3FAD00CF9FB1 /* UpComingViewController.swift in Sources */,
				16FC9F262B99050F0037E654 /* SearchResultsViewController.swift in Sources */,
				16A831832B962AC300CF9FB1 /* Extensions.swift in Sources */,
				169012D12B9F568200BCF25A /* YoutubeSearchResponse.swift in Sources */,
				16A8318E2B96471F00CF9FB1 /* Title.swift in Sources */,
				16592D232BD5319B006824D5 /* TitlePreviewViewModel.swift in Sources */,
				162FB60E2D9380F600DE66CB /* TVShowDetail.swift in Sources */,
				162FB60C2D9380DC00DE66CB /* MovieDetail.swift in Sources */,
				162FB60A2D93809600DE66CB /* ErrorPresenter.swift in Sources */,
				16A8315B2B8E3A2C00CF9FB1 /* SceneDelegate.swift in Sources */,
				16592D212BD5115E006824D5 /* TitlePreviewViewController.swift in Sources */,
				162FB6122D9383B800DE66CB /* ContentService.swift in Sources */,
				16A8316E2B8E3F6000CF9FB1 /* HomeViewController.swift in Sources */,
				16A8317B2B8E4F2600CF9FB1 /* CollectionTableViewCell.swift in Sources */,
				16FC9F242B98DADA0037E654 /* TitleViewModel.swift in Sources */,
				162FB6082D93806F00DE66CB /* LoadingView.swift in Sources */,
			);
			runOnlyForDeploymentPostprocessing = 0;
		};
/* End PBXSourcesBuildPhase section */

/* Begin PBXVariantGroup section */
		16A831632B8E3A3200CF9FB1 /* LaunchScreen.storyboard */ = {
			isa = PBXVariantGroup;
			children = (
				16A831642B8E3A3200CF9FB1 /* Base */,
			);
			name = LaunchScreen.storyboard;
			sourceTree = "<group>";
		};
/* End PBXVariantGroup section */

/* Begin XCBuildConfiguration section */
		16A831672B8E3A3200CF9FB1 /* Debug */ = {
			isa = XCBuildConfiguration;
			buildSettings = {
				ALWAYS_SEARCH_USER_PATHS = NO;
				ASSETCATALOG_COMPILER_GENERATE_SWIFT_ASSET_SYMBOL_EXTENSIONS = YES;
				CLANG_ANALYZER_NONNULL = YES;
				CLANG_ANALYZER_NUMBER_OBJECT_CONVERSION = YES_AGGRESSIVE;
				CLANG_CXX_LANGUAGE_STANDARD = "gnu++20";
				CLANG_ENABLE_MODULES = YES;
				CLANG_ENABLE_OBJC_ARC = YES;
				CLANG_ENABLE_OBJC_WEAK = YES;
				CLANG_WARN_BLOCK_CAPTURE_AUTORELEASING = YES;
				CLANG_WARN_BOOL_CONVERSION = YES;
				CLANG_WARN_COMMA = YES;
				CLANG_WARN_CONSTANT_CONVERSION = YES;
				CLANG_WARN_DEPRECATED_OBJC_IMPLEMENTATIONS = YES;
				CLANG_WARN_DIRECT_OBJC_ISA_USAGE = YES_ERROR;
				CLANG_WARN_DOCUMENTATION_COMMENTS = YES;
				CLANG_WARN_EMPTY_BODY = YES;
				CLANG_WARN_ENUM_CONVERSION = YES;
				CLANG_WARN_INFINITE_RECURSION = YES;
				CLANG_WARN_INT_CONVERSION = YES;
				CLANG_WARN_NON_LITERAL_NULL_CONVERSION = YES;
				CLANG_WARN_OBJC_IMPLICIT_RETAIN_SELF = YES;
				CLANG_WARN_OBJC_LITERAL_CONVERSION = YES;
				CLANG_WARN_OBJC_ROOT_CLASS = YES_ERROR;
				CLANG_WARN_QUOTED_INCLUDE_IN_FRAMEWORK_HEADER = YES;
				CLANG_WARN_RANGE_LOOP_ANALYSIS = YES;
				CLANG_WARN_STRICT_PROTOTYPES = YES;
				CLANG_WARN_SUSPICIOUS_MOVE = YES;
				CLANG_WARN_UNGUARDED_AVAILABILITY = YES_AGGRESSIVE;
				CLANG_WARN_UNREACHABLE_CODE = YES;
				CLANG_WARN__DUPLICATE_METHOD_MATCH = YES;
				COPY_PHASE_STRIP = NO;
				DEBUG_INFORMATION_FORMAT = dwarf;
				ENABLE_STRICT_OBJC_MSGSEND = YES;
				ENABLE_TESTABILITY = YES;
				ENABLE_USER_SCRIPT_SANDBOXING = YES;
				GCC_C_LANGUAGE_STANDARD = gnu17;
				GCC_DYNAMIC_NO_PIC = NO;
				GCC_NO_COMMON_BLOCKS = YES;
				GCC_OPTIMIZATION_LEVEL = 0;
				GCC_PREPROCESSOR_DEFINITIONS = (
					"DEBUG=1",
					"$(inherited)",
				);
				GCC_WARN_64_TO_32_BIT_CONVERSION = YES;
				GCC_WARN_ABOUT_RETURN_TYPE = YES_ERROR;
				GCC_WARN_UNDECLARED_SELECTOR = YES;
				GCC_WARN_UNINITIALIZED_AUTOS = YES_AGGRESSIVE;
				GCC_WARN_UNUSED_FUNCTION = YES;
				GCC_WARN_UNUSED_VARIABLE = YES;
				IPHONEOS_DEPLOYMENT_TARGET = 17.2;
				LOCALIZATION_PREFERS_STRING_CATALOGS = YES;
				MTL_ENABLE_DEBUG_INFO = INCLUDE_SOURCE;
				MTL_FAST_MATH = YES;
				ONLY_ACTIVE_ARCH = YES;
				SDKROOT = iphoneos;
				SWIFT_ACTIVE_COMPILATION_CONDITIONS = "DEBUG $(inherited)";
				SWIFT_OPTIMIZATION_LEVEL = "-Onone";
			};
			name = Debug;
		};
		16A831682B8E3A3200CF9FB1 /* Release */ = {
			isa = XCBuildConfiguration;
			buildSettings = {
				ALWAYS_SEARCH_USER_PATHS = NO;
				ASSETCATALOG_COMPILER_GENERATE_SWIFT_ASSET_SYMBOL_EXTENSIONS = YES;
				CLANG_ANALYZER_NONNULL = YES;
				CLANG_ANALYZER_NUMBER_OBJECT_CONVERSION = YES_AGGRESSIVE;
				CLANG_CXX_LANGUAGE_STANDARD = "gnu++20";
				CLANG_ENABLE_MODULES = YES;
				CLANG_ENABLE_OBJC_ARC = YES;
				CLANG_ENABLE_OBJC_WEAK = YES;
				CLANG_WARN_BLOCK_CAPTURE_AUTORELEASING = YES;
				CLANG_WARN_BOOL_CONVERSION = YES;
				CLANG_WARN_COMMA = YES;
				CLANG_WARN_CONSTANT_CONVERSION = YES;
				CLANG_WARN_DEPRECATED_OBJC_IMPLEMENTATIONS = YES;
				CLANG_WARN_DIRECT_OBJC_ISA_USAGE = YES_ERROR;
				CLANG_WARN_DOCUMENTATION_COMMENTS = YES;
				CLANG_WARN_EMPTY_BODY = YES;
				CLANG_WARN_ENUM_CONVERSION = YES;
				CLANG_WARN_INFINITE_RECURSION = YES;
				CLANG_WARN_INT_CONVERSION = YES;
				CLANG_WARN_NON_LITERAL_NULL_CONVERSION = YES;
				CLANG_WARN_OBJC_IMPLICIT_RETAIN_SELF = YES;
				CLANG_WARN_OBJC_LITERAL_CONVERSION = YES;
				CLANG_WARN_OBJC_ROOT_CLASS = YES_ERROR;
				CLANG_WARN_QUOTED_INCLUDE_IN_FRAMEWORK_HEADER = YES;
				CLANG_WARN_RANGE_LOOP_ANALYSIS = YES;
				CLANG_WARN_STRICT_PROTOTYPES = YES;
				CLANG_WARN_SUSPICIOUS_MOVE = YES;
				CLANG_WARN_UNGUARDED_AVAILABILITY = YES_AGGRESSIVE;
				CLANG_WARN_UNREACHABLE_CODE = YES;
				CLANG_WARN__DUPLICATE_METHOD_MATCH = YES;
				COPY_PHASE_STRIP = NO;
				DEBUG_INFORMATION_FORMAT = "dwarf-with-dsym";
				ENABLE_NS_ASSERTIONS = NO;
				ENABLE_STRICT_OBJC_MSGSEND = YES;
				ENABLE_USER_SCRIPT_SANDBOXING = YES;
				GCC_C_LANGUAGE_STANDARD = gnu17;
				GCC_NO_COMMON_BLOCKS = YES;
				GCC_WARN_64_TO_32_BIT_CONVERSION = YES;
				GCC_WARN_ABOUT_RETURN_TYPE = YES_ERROR;
				GCC_WARN_UNDECLARED_SELECTOR = YES;
				GCC_WARN_UNINITIALIZED_AUTOS = YES_AGGRESSIVE;
				GCC_WARN_UNUSED_FUNCTION = YES;
				GCC_WARN_UNUSED_VARIABLE = YES;
				IPHONEOS_DEPLOYMENT_TARGET = 17.2;
				LOCALIZATION_PREFERS_STRING_CATALOGS = YES;
				MTL_ENABLE_DEBUG_INFO = NO;
				MTL_FAST_MATH = YES;
				SDKROOT = iphoneos;
				SWIFT_COMPILATION_MODE = wholemodule;
				VALIDATE_PRODUCT = YES;
			};
			name = Release;
		};
		16A8316A2B8E3A3200CF9FB1 /* Debug */ = {
			isa = XCBuildConfiguration;
			buildSettings = {
				ASSETCATALOG_COMPILER_APPICON_NAME = AppIcon;
				ASSETCATALOG_COMPILER_GLOBAL_ACCENT_COLOR_NAME = AccentColor;
				CODE_SIGN_STYLE = Automatic;
				CURRENT_PROJECT_VERSION = 1;
				DEVELOPMENT_TEAM = 673FVFG8F5;
				GENERATE_INFOPLIST_FILE = YES;
				INFOPLIST_FILE = Netflix_Clone/Info.plist;
				INFOPLIST_KEY_UIApplicationSupportsIndirectInputEvents = YES;
				INFOPLIST_KEY_UILaunchStoryboardName = LaunchScreen;
				INFOPLIST_KEY_UISupportedInterfaceOrientations_iPad = "UIInterfaceOrientationPortrait UIInterfaceOrientationPortraitUpsideDown UIInterfaceOrientationLandscapeLeft UIInterfaceOrientationLandscapeRight";
				INFOPLIST_KEY_UISupportedInterfaceOrientations_iPhone = "UIInterfaceOrientationPortrait UIInterfaceOrientationLandscapeLeft UIInterfaceOrientationLandscapeRight";
				IPHONEOS_DEPLOYMENT_TARGET = 16.0;
				LD_RUNPATH_SEARCH_PATHS = (
					"$(inherited)",
					"@executable_path/Frameworks",
				);
				MARKETING_VERSION = 1.0;
				PRODUCT_BUNDLE_IDENTIFIER = "oumahdimohamedreda.Netflix-Clone";
				PRODUCT_NAME = "$(TARGET_NAME)";
				SWIFT_EMIT_LOC_STRINGS = YES;
				SWIFT_VERSION = 5.0;
				TARGETED_DEVICE_FAMILY = "1,2";
			};
			name = Debug;
		};
		16A8316B2B8E3A3200CF9FB1 /* Release */ = {
			isa = XCBuildConfiguration;
			buildSettings = {
				ASSETCATALOG_COMPILER_APPICON_NAME = AppIcon;
				ASSETCATALOG_COMPILER_GLOBAL_ACCENT_COLOR_NAME = AccentColor;
				CODE_SIGN_STYLE = Automatic;
				CURRENT_PROJECT_VERSION = 1;
				DEVELOPMENT_TEAM = 673FVFG8F5;
				GENERATE_INFOPLIST_FILE = YES;
				INFOPLIST_FILE = Netflix_Clone/Info.plist;
				INFOPLIST_KEY_UIApplicationSupportsIndirectInputEvents = YES;
				INFOPLIST_KEY_UILaunchStoryboardName = LaunchScreen;
				INFOPLIST_KEY_UISupportedInterfaceOrientations_iPad = "UIInterfaceOrientationPortrait UIInterfaceOrientationPortraitUpsideDown UIInterfaceOrientationLandscapeLeft UIInterfaceOrientationLandscapeRight";
				INFOPLIST_KEY_UISupportedInterfaceOrientations_iPhone = "UIInterfaceOrientationPortrait UIInterfaceOrientationLandscapeLeft UIInterfaceOrientationLandscapeRight";
				IPHONEOS_DEPLOYMENT_TARGET = 16.0;
				LD_RUNPATH_SEARCH_PATHS = (
					"$(inherited)",
					"@executable_path/Frameworks",
				);
				MARKETING_VERSION = 1.0;
				PRODUCT_BUNDLE_IDENTIFIER = "oumahdimohamedreda.Netflix-Clone";
				PRODUCT_NAME = "$(TARGET_NAME)";
				SWIFT_EMIT_LOC_STRINGS = YES;
				SWIFT_VERSION = 5.0;
				TARGETED_DEVICE_FAMILY = "1,2";
			};
			name = Release;
		};
/* End XCBuildConfiguration section */

/* Begin XCConfigurationList section */
		16A831502B8E3A2C00CF9FB1 /* Build configuration list for PBXProject "Netflix_Clone" */ = {
			isa = XCConfigurationList;
			buildConfigurations = (
				16A831672B8E3A3200CF9FB1 /* Debug */,
				16A831682B8E3A3200CF9FB1 /* Release */,
			);
			defaultConfigurationIsVisible = 0;
			defaultConfigurationName = Release;
		};
		16A831692B8E3A3200CF9FB1 /* Build configuration list for PBXNativeTarget "Netflix_Clone" */ = {
			isa = XCConfigurationList;
			buildConfigurations = (
				16A8316A2B8E3A3200CF9FB1 /* Debug */,
				16A8316B2B8E3A3200CF9FB1 /* Release */,
			);
			defaultConfigurationIsVisible = 0;
			defaultConfigurationName = Release;
		};
/* End XCConfigurationList section */

/* Begin XCRemoteSwiftPackageReference section */
		16A831882B96442800CF9FB1 /* XCRemoteSwiftPackageReference "SDWebImage" */ = {
			isa = XCRemoteSwiftPackageReference;
			repositoryURL = "https://github.com/SDWebImage/SDWebImage.git";
			requirement = {
				kind = upToNextMajorVersion;
				minimumVersion = 5.19.0;
			};
		};
/* End XCRemoteSwiftPackageReference section */

/* Begin XCSwiftPackageProductDependency section */
		16A831892B96442800CF9FB1 /* SDWebImage */ = {
			isa = XCSwiftPackageProductDependency;
			package = 16A831882B96442800CF9FB1 /* XCRemoteSwiftPackageReference "SDWebImage" */;
			productName = SDWebImage;
		};
		16A8318B2B96442800CF9FB1 /* SDWebImageMapKit */ = {
			isa = XCSwiftPackageProductDependency;
			package = 16A831882B96442800CF9FB1 /* XCRemoteSwiftPackageReference "SDWebImage" */;
			productName = SDWebImageMapKit;
		};
/* End XCSwiftPackageProductDependency section */

/* Begin XCVersionGroup section */
		16592D242BD5578B006824D5 /* NetflixCloneModel.xcdatamodeld */ = {
			isa = XCVersionGroup;
			children = (
				16592D252BD5578B006824D5 /* NetflixCloneModel.xcdatamodel */,
			);
			currentVersion = 16592D252BD5578B006824D5 /* NetflixCloneModel.xcdatamodel */;
			path = NetflixCloneModel.xcdatamodeld;
			sourceTree = "<group>";
			versionGroupType = wrapper.xcdatamodel;
		};
/* End XCVersionGroup section */
	};
	rootObject = 16A8314D2B8E3A2C00CF9FB1 /* Project object */;
}
